Microsoft Visual Studio Solution File, Format Version 12.00
# Visual Studio 2012
Project("{D954291E-2A0B-460D-934E-DC6B0785DB48}") = "Paranothing", "Paranothing\Paranothing.shproj", "{270B38A0-01B7-43B9-90E9-E2DCB8D3F1ED}"
EndProject
Project("{FAE04EC0-301F-11D3-BF4B-00C04F79EFBC}") = "Paranothing.Desktop", "Paranothing.Desktop\Paranothing.Desktop.csproj", "{5FCAEC21-FA9F-4FC2-9215-DE2C051C90C4}"
EndProject
Project("{2150E333-8FDC-42A3-9474-1A3956D46DE8}") = "Solution Items", "Solution Items", "{5FA6A64A-3E21-465E-8FF2-1156082A9E87}"
	ProjectSection(SolutionItems) = preProject
		.gitignore = .gitignore
	EndProjectSection
EndProject
Global
	GlobalSection(SolutionConfigurationPlatforms) = preSolution
		Debug|AnyCPU = Debug|AnyCPU
		Release|AnyCPU = Release|AnyCPU
		Debug|x86 = Debug|x86
		Release|x86 = Release|x86
	EndGlobalSection
	GlobalSection(ProjectConfigurationPlatforms) = postSolution
		{270B38A0-01B7-43B9-90E9-E2DCB8D3F1ED}.Debug|AnyCPU.ActiveCfg = Debug
		{270B38A0-01B7-43B9-90E9-E2DCB8D3F1ED}.Debug|AnyCPU.Build.0 = Debug
		{270B38A0-01B7-43B9-90E9-E2DCB8D3F1ED}.Release|AnyCPU.ActiveCfg = Release
		{270B38A0-01B7-43B9-90E9-E2DCB8D3F1ED}.Release|AnyCPU.Build.0 = Release
		{5FCAEC21-FA9F-4FC2-9215-DE2C051C90C4}.Debug|AnyCPU.ActiveCfg = Debug|Any CPU
		{5FCAEC21-FA9F-4FC2-9215-DE2C051C90C4}.Debug|AnyCPU.Build.0 = Debug|Any CPU
		{5FCAEC21-FA9F-4FC2-9215-DE2C051C90C4}.Release|AnyCPU.ActiveCfg = Release|Any CPU
		{5FCAEC21-FA9F-4FC2-9215-DE2C051C90C4}.Release|AnyCPU.Build.0 = Release|Any CPU
		{5FCAEC21-FA9F-4FC2-9215-DE2C051C90C4}.Debug|x86.ActiveCfg = Debug|Any CPU
		{5FCAEC21-FA9F-4FC2-9215-DE2C051C90C4}.Debug|x86.Build.0 = Debug|Any CPU
		{5FCAEC21-FA9F-4FC2-9215-DE2C051C90C4}.Release|x86.ActiveCfg = Release|Any CPU
		{5FCAEC21-FA9F-4FC2-9215-DE2C051C90C4}.Release|x86.Build.0 = Release|Any CPU
	EndGlobalSection
EndGlobal
